
Microsoft Visual Studio Solution File, Format Version 12.00
# Visual Studio Version 17
VisualStudioVersion = 17.7.34031.279
MinimumVisualStudioVersion = 10.0.40219.1
Project("{FAE04EC0-301F-11D3-BF4B-00C04F79EFBC}") = "Word Data Manager", "Word Data Manager.csproj", "{18A524B4-908B-422A-A049-BB8CB2F026EA}"
EndProject
Global
	GlobalSection(SolutionConfigurationPlatforms) = preSolution
		Debug|Any CPU = Debug|Any CPU
		Release|Any CPU = Release|Any CPU
	EndGlobalSection
	GlobalSection(ProjectConfigurationPlatforms) = postSolution
		{18A524B4-908B-422A-A049-BB8CB2F026EA}.Debug|Any CPU.ActiveCfg = Debug|Any CPU
		{18A524B4-908B-422A-A049-BB8CB2F026EA}.Debug|Any CPU.Build.0 = Debug|Any CPU
		{18A524B4-908B-422A-A049-BB8CB2F026EA}.Release|Any CPU.ActiveCfg = Release|Any CPU
		{18A524B4-908B-422A-A049-BB8CB2F026EA}.Release|Any CPU.Build.0 = Release|Any CPU
	EndGlobalSection
	GlobalSection(SolutionProperties) = preSolution
		HideSolutionNode = FALSE
	EndGlobalSection
	GlobalSection(ExtensibilityGlobals) = postSolution
		SolutionGuid = {3DB1D921-11FF-4605-8A64-72F04B987D53}
	EndGlobalSection
EndGlobal
